
Microsoft Visual Studio Solution File, Format Version 12.00
# Visual Studio 2012
Project("{2150E333-8FDC-42A3-9474-1A3956D46DE8}") = "src", "src", "{B9A1A6FA-3D36-4263-BD17-3F564441FD57}"
EndProject
Project("{2150E333-8FDC-42A3-9474-1A3956D46DE8}") = "1 - Interface", "1 - Interface", "{3AAAFCC9-1711-4237-8FE8-78DD3B6C2363}"
EndProject
Project("{FAE04EC0-301F-11D3-BF4B-00C04F79EFBC}") = "Application.Web.API", "Application.Web.API\Application.Web.API.csproj", "{2364B3B0-B9E7-48FC-A65D-950E7EDB40DE}"
EndProject
Project("{2150E333-8FDC-42A3-9474-1A3956D46DE8}") = "2 - Application", "2 - Application", "{E66E5DB2-FFA2-476E-8D0A-A3539C8F262F}"
EndProject
Project("{FAE04EC0-301F-11D3-BF4B-00C04F79EFBC}") = "Application.Web", "Application.Web\Application.Web.csproj", "{82942559-1AE7-46D3-AF7F-4265F460BB6A}"
EndProject
Project("{2150E333-8FDC-42A3-9474-1A3956D46DE8}") = "3 - Domain", "3 - Domain", "{8701F778-4610-4BA0-9813-8B7E26576D61}"
EndProject
Project("{FAE04EC0-301F-11D3-BF4B-00C04F79EFBC}") = "Application.Domain", "Application.Domain\Application.Domain.csproj", "{9927BADC-5EF9-49FF-B131-1C781556BECB}"
EndProject
Project("{2150E333-8FDC-42A3-9474-1A3956D46DE8}") = "4 - Infraestructure", "4 - Infraestructure", "{6A56D85B-9189-4319-BE6C-04B16F6C9E2D}"
EndProject
Project("{FAE04EC0-301F-11D3-BF4B-00C04F79EFBC}") = "Application.Data", "Application.Data\Application.Data.csproj", "{CDE79837-0EA5-4DE4-95A9-58CF90AFD809}"
EndProject
Global
	GlobalSection(SolutionConfigurationPlatforms) = preSolution
		Debug|Any CPU = Debug|Any CPU
		Release|Any CPU = Release|Any CPU
	EndGlobalSection
	GlobalSection(ProjectConfigurationPlatforms) = postSolution
		{2364B3B0-B9E7-48FC-A65D-950E7EDB40DE}.Debug|Any CPU.ActiveCfg = Debug|Any CPU
		{2364B3B0-B9E7-48FC-A65D-950E7EDB40DE}.Debug|Any CPU.Build.0 = Debug|Any CPU
		{2364B3B0-B9E7-48FC-A65D-950E7EDB40DE}.Release|Any CPU.ActiveCfg = Release|Any CPU
		{2364B3B0-B9E7-48FC-A65D-950E7EDB40DE}.Release|Any CPU.Build.0 = Release|Any CPU
		{82942559-1AE7-46D3-AF7F-4265F460BB6A}.Debug|Any CPU.ActiveCfg = Debug|Any CPU
		{82942559-1AE7-46D3-AF7F-4265F460BB6A}.Debug|Any CPU.Build.0 = Debug|Any CPU
		{82942559-1AE7-46D3-AF7F-4265F460BB6A}.Release|Any CPU.ActiveCfg = Release|Any CPU
		{82942559-1AE7-46D3-AF7F-4265F460BB6A}.Release|Any CPU.Build.0 = Release|Any CPU
		{9927BADC-5EF9-49FF-B131-1C781556BECB}.Debug|Any CPU.ActiveCfg = Debug|Any CPU
		{9927BADC-5EF9-49FF-B131-1C781556BECB}.Debug|Any CPU.Build.0 = Debug|Any CPU
		{9927BADC-5EF9-49FF-B131-1C781556BECB}.Release|Any CPU.ActiveCfg = Release|Any CPU
		{9927BADC-5EF9-49FF-B131-1C781556BECB}.Release|Any CPU.Build.0 = Release|Any CPU
		{CDE79837-0EA5-4DE4-95A9-58CF90AFD809}.Debug|Any CPU.ActiveCfg = Debug|Any CPU
		{CDE79837-0EA5-4DE4-95A9-58CF90AFD809}.Debug|Any CPU.Build.0 = Debug|Any CPU
		{CDE79837-0EA5-4DE4-95A9-58CF90AFD809}.Release|Any CPU.ActiveCfg = Release|Any CPU
		{CDE79837-0EA5-4DE4-95A9-58CF90AFD809}.Release|Any CPU.Build.0 = Release|Any CPU
	EndGlobalSection
	GlobalSection(NestedProjects) = preSolution
		{3AAAFCC9-1711-4237-8FE8-78DD3B6C2363} = {B9A1A6FA-3D36-4263-BD17-3F564441FD57}
		{2364B3B0-B9E7-48FC-A65D-950E7EDB40DE} = {3AAAFCC9-1711-4237-8FE8-78DD3B6C2363}
		{E66E5DB2-FFA2-476E-8D0A-A3539C8F262F} = {B9A1A6FA-3D36-4263-BD17-3F564441FD57}
		{82942559-1AE7-46D3-AF7F-4265F460BB6A} = {E66E5DB2-FFA2-476E-8D0A-A3539C8F262F}
		{8701F778-4610-4BA0-9813-8B7E26576D61} = {B9A1A6FA-3D36-4263-BD17-3F564441FD57}
		{9927BADC-5EF9-49FF-B131-1C781556BECB} = {8701F778-4610-4BA0-9813-8B7E26576D61}
		{6A56D85B-9189-4319-BE6C-04B16F6C9E2D} = {B9A1A6FA-3D36-4263-BD17-3F564441FD57}
		{CDE79837-0EA5-4DE4-95A9-58CF90AFD809} = {6A56D85B-9189-4319-BE6C-04B16F6C9E2D}
	EndGlobalSection
EndGlobal
