Microsoft Visual Studio Solution File, Format Version 12.00
# Visual Studio 15
VisualStudioVersion = 15.0.27130.0
MinimumVisualStudioVersion = 10.0.40219.1
Project("{2150E333-8FDC-42A3-9474-1A3956D46DE8}") = "src", "src", "{B9A1A6FA-3D36-4263-BD17-3F564441FD57}"
EndProject
Project("{2150E333-8FDC-42A3-9474-1A3956D46DE8}") = "1 - Interfaces", "1 - Interfaces", "{3AAAFCC9-1711-4237-8FE8-78DD3B6C2363}"
EndProject
Project("{2150E333-8FDC-42A3-9474-1A3956D46DE8}") = "2 - Applications", "2 - Applications", "{E66E5DB2-FFA2-476E-8D0A-A3539C8F262F}"
EndProject
Project("{2150E333-8FDC-42A3-9474-1A3956D46DE8}") = "3 - Domain", "3 - Domain", "{8701F778-4610-4BA0-9813-8B7E26576D61}"
EndProject
Project("{2150E333-8FDC-42A3-9474-1A3956D46DE8}") = "4 - Infraestructures", "4 - Infraestructures", "{6A56D85B-9189-4319-BE6C-04B16F6C9E2D}"
EndProject
Project("{9A19103F-16F7-4668-BE54-9A1E7A4F7556}") = "Applications.Web", "Applications.Web\Applications.Web.csproj", "{A9CF502B-B1B7-47B7-AD71-E3D4F9231841}"
EndProject
Project("{9A19103F-16F7-4668-BE54-9A1E7A4F7556}") = "Domain", "Domain\Domain.csproj", "{856204F9-8157-4ADF-A52C-B81297E7526A}"
EndProject
Project("{9A19103F-16F7-4668-BE54-9A1E7A4F7556}") = "Infraestructure.Config", "Applications.Infraestructure\Infraestructure.Config.csproj", "{76668018-8F14-43B8-A32E-045186333465}"
EndProject
Project("{2150E333-8FDC-42A3-9474-1A3956D46DE8}") = "4.1 - Data", "4.1 - Data", "{A0BFFBEF-AF13-4D22-BEAC-42AE7017FAC2}"
EndProject
Project("{9A19103F-16F7-4668-BE54-9A1E7A4F7556}") = "Infraestructure.Mapping", "Infraestructure.Mapping\Infraestructure.Mapping.csproj", "{63C0583F-F599-40F4-887D-B827BB043FA3}"
EndProject
Project("{2150E333-8FDC-42A3-9474-1A3956D46DE8}") = "4.2 - Domain", "4.2 - Domain", "{7AD6F9DD-2B72-424E-8675-F3DC2B3C0CE9}"
EndProject
Project("{9A19103F-16F7-4668-BE54-9A1E7A4F7556}") = "Infraestructure.Repositories", "Infraestructure.Repositories\Infraestructure.Repositories.csproj", "{C2E5CAE0-7E3A-487F-BD80-8365CEB1175A}"
EndProject
Project("{9A19103F-16F7-4668-BE54-9A1E7A4F7556}") = "Applications.Web.API", "Applications.Web.API\Applications.Web.API.csproj", "{2E8E2B80-B64C-4E35-A1E9-2E61F565933B}"
EndProject
Global
	GlobalSection(SolutionConfigurationPlatforms) = preSolution
		Debug|Any CPU = Debug|Any CPU
		Release|Any CPU = Release|Any CPU
	EndGlobalSection
	GlobalSection(ProjectConfigurationPlatforms) = postSolution
		{A9CF502B-B1B7-47B7-AD71-E3D4F9231841}.Debug|Any CPU.ActiveCfg = Debug|Any CPU
		{A9CF502B-B1B7-47B7-AD71-E3D4F9231841}.Debug|Any CPU.Build.0 = Debug|Any CPU
		{A9CF502B-B1B7-47B7-AD71-E3D4F9231841}.Release|Any CPU.ActiveCfg = Release|Any CPU
		{A9CF502B-B1B7-47B7-AD71-E3D4F9231841}.Release|Any CPU.Build.0 = Release|Any CPU
		{856204F9-8157-4ADF-A52C-B81297E7526A}.Debug|Any CPU.ActiveCfg = Debug|Any CPU
		{856204F9-8157-4ADF-A52C-B81297E7526A}.Debug|Any CPU.Build.0 = Debug|Any CPU
		{856204F9-8157-4ADF-A52C-B81297E7526A}.Release|Any CPU.ActiveCfg = Release|Any CPU
		{856204F9-8157-4ADF-A52C-B81297E7526A}.Release|Any CPU.Build.0 = Release|Any CPU
		{76668018-8F14-43B8-A32E-045186333465}.Debug|Any CPU.ActiveCfg = Debug|Any CPU
		{76668018-8F14-43B8-A32E-045186333465}.Debug|Any CPU.Build.0 = Debug|Any CPU
		{76668018-8F14-43B8-A32E-045186333465}.Release|Any CPU.ActiveCfg = Release|Any CPU
		{76668018-8F14-43B8-A32E-045186333465}.Release|Any CPU.Build.0 = Release|Any CPU
		{63C0583F-F599-40F4-887D-B827BB043FA3}.Debug|Any CPU.ActiveCfg = Debug|Any CPU
		{63C0583F-F599-40F4-887D-B827BB043FA3}.Debug|Any CPU.Build.0 = Debug|Any CPU
		{63C0583F-F599-40F4-887D-B827BB043FA3}.Release|Any CPU.ActiveCfg = Release|Any CPU
		{63C0583F-F599-40F4-887D-B827BB043FA3}.Release|Any CPU.Build.0 = Release|Any CPU
		{C2E5CAE0-7E3A-487F-BD80-8365CEB1175A}.Debug|Any CPU.ActiveCfg = Debug|Any CPU
		{C2E5CAE0-7E3A-487F-BD80-8365CEB1175A}.Debug|Any CPU.Build.0 = Debug|Any CPU
		{C2E5CAE0-7E3A-487F-BD80-8365CEB1175A}.Release|Any CPU.ActiveCfg = Release|Any CPU
		{C2E5CAE0-7E3A-487F-BD80-8365CEB1175A}.Release|Any CPU.Build.0 = Release|Any CPU
		{2E8E2B80-B64C-4E35-A1E9-2E61F565933B}.Debug|Any CPU.ActiveCfg = Debug|Any CPU
		{2E8E2B80-B64C-4E35-A1E9-2E61F565933B}.Debug|Any CPU.Build.0 = Debug|Any CPU
		{2E8E2B80-B64C-4E35-A1E9-2E61F565933B}.Release|Any CPU.ActiveCfg = Release|Any CPU
		{2E8E2B80-B64C-4E35-A1E9-2E61F565933B}.Release|Any CPU.Build.0 = Release|Any CPU
	EndGlobalSection
	GlobalSection(SolutionProperties) = preSolution
		HideSolutionNode = FALSE
	EndGlobalSection
	GlobalSection(NestedProjects) = preSolution
		{3AAAFCC9-1711-4237-8FE8-78DD3B6C2363} = {B9A1A6FA-3D36-4263-BD17-3F564441FD57}
		{E66E5DB2-FFA2-476E-8D0A-A3539C8F262F} = {B9A1A6FA-3D36-4263-BD17-3F564441FD57}
		{8701F778-4610-4BA0-9813-8B7E26576D61} = {B9A1A6FA-3D36-4263-BD17-3F564441FD57}
		{6A56D85B-9189-4319-BE6C-04B16F6C9E2D} = {B9A1A6FA-3D36-4263-BD17-3F564441FD57}
		{A9CF502B-B1B7-47B7-AD71-E3D4F9231841} = {E66E5DB2-FFA2-476E-8D0A-A3539C8F262F}
		{856204F9-8157-4ADF-A52C-B81297E7526A} = {8701F778-4610-4BA0-9813-8B7E26576D61}
		{76668018-8F14-43B8-A32E-045186333465} = {A0BFFBEF-AF13-4D22-BEAC-42AE7017FAC2}
		{A0BFFBEF-AF13-4D22-BEAC-42AE7017FAC2} = {6A56D85B-9189-4319-BE6C-04B16F6C9E2D}
		{63C0583F-F599-40F4-887D-B827BB043FA3} = {A0BFFBEF-AF13-4D22-BEAC-42AE7017FAC2}
		{7AD6F9DD-2B72-424E-8675-F3DC2B3C0CE9} = {6A56D85B-9189-4319-BE6C-04B16F6C9E2D}
		{C2E5CAE0-7E3A-487F-BD80-8365CEB1175A} = {7AD6F9DD-2B72-424E-8675-F3DC2B3C0CE9}
		{2E8E2B80-B64C-4E35-A1E9-2E61F565933B} = {3AAAFCC9-1711-4237-8FE8-78DD3B6C2363}
	EndGlobalSection
	GlobalSection(ExtensibilityGlobals) = postSolution
		SolutionGuid = {B6A99742-E0B6-47AF-A440-F10F996F464E}
	EndGlobalSection
EndGlobal
